{
	"name": "@maxzilla60/observable-localstorage",
	"version": "0.1.0",
	"lockfileVersion": 1,
	"requires": true,
	"dependencies": {
		"@types/node": {
			"version": "15.14.9",
			"resolved": "https://registry.npmjs.org/@types/node/-/node-15.14.9.tgz",
			"integrity": "sha512-qjd88DrCxupx/kJD5yQgZdcYKZKSIGBVDIBE1/LTGcNm3d2Np/jxojkdePDdfnBHJc5W7vSMpbJ1aB7p/Py69A==",
			"dev": true
		},
		"rxjs": {
			"version": "7.5.5",
			"resolved": "https://registry.npmjs.org/rxjs/-/rxjs-7.5.5.tgz",
			"integrity": "sha512-sy+H0pQofO95VDmFLzyaw9xNJU4KTRSwQIGM6+iG3SypAtCiLDzpeG8sJrNCWn2Up9km+KhkvTdbkrdy+yzZdw==",
			"requires": {
				"tslib": "^2.1.0"
			}
		},
		"tsc": {
			"version": "1.20150623.0",
			"resolved": "https://registry.npmjs.org/tsc/-/tsc-1.20150623.0.tgz",
			"integrity": "sha1-Trw8d04WkUjLx2inNCUz8ILHpuU=",
			"dev": true
		},
		"tslib": {
			"version": "2.4.0",
			"resolved": "https://registry.npmjs.org/tslib/-/tslib-2.4.0.tgz",
			"integrity": "sha512-d6xOpEDfsi2CZVlPQzGeux8XMwLT9hssAsaPYExaQMuYskwb+x1x7J371tWlbBdWHroy99KnVB6qIkUbs5X3UQ=="
		},
		"typescript": {
			"version": "4.7.3",
			"resolved": "https://registry.npmjs.org/typescript/-/typescript-4.7.3.tgz",
			"integrity": "sha512-WOkT3XYvrpXx4vMMqlD+8R8R37fZkjyLGlxavMc4iB8lrl8L0DeTcHbYgw/v0N/z9wAFsgBhcsF0ruoySS22mA==",
			"dev": true
		}
	}
}
